
Microsoft Visual Studio Solution File, Format Version 12.00
# Visual Studio 14
VisualStudioVersion = 14.0.25420.1
MinimumVisualStudioVersion = 10.0.40219.1
Project("{FAE04EC0-301F-11D3-BF4B-00C04F79EFBC}") = "ScheduleMe", "Project1\ScheduleMe.csproj", "{C522304F-98AB-42F2-8E4D-5BDC3443348E}"
EndProject
Project("{FAE04EC0-301F-11D3-BF4B-00C04F79EFBC}") = "Bll", "Bll\Bll.csproj", "{810C4BE1-5992-4E1A-8415-F500C560227D}"
EndProject
Project("{FAE04EC0-301F-11D3-BF4B-00C04F79EFBC}") = "Dal", "Dal\Dal.csproj", "{B8305CE3-A830-48D9-8BD6-D633BD5221E4}"
EndProject
Global
	GlobalSection(SolutionConfigurationPlatforms) = preSolution
		Debug|Any CPU = Debug|Any CPU
		Release|Any CPU = Release|Any CPU
	EndGlobalSection
	GlobalSection(ProjectConfigurationPlatforms) = postSolution
		{C522304F-98AB-42F2-8E4D-5BDC3443348E}.Debug|Any CPU.ActiveCfg = Debug|Any CPU
		{C522304F-98AB-42F2-8E4D-5BDC3443348E}.Debug|Any CPU.Build.0 = Debug|Any CPU
		{C522304F-98AB-42F2-8E4D-5BDC3443348E}.Release|Any CPU.ActiveCfg = Release|Any CPU
		{C522304F-98AB-42F2-8E4D-5BDC3443348E}.Release|Any CPU.Build.0 = Release|Any CPU
		{810C4BE1-5992-4E1A-8415-F500C560227D}.Debug|Any CPU.ActiveCfg = Debug|Any CPU
		{810C4BE1-5992-4E1A-8415-F500C560227D}.Debug|Any CPU.Build.0 = Debug|Any CPU
		{810C4BE1-5992-4E1A-8415-F500C560227D}.Release|Any CPU.ActiveCfg = Release|Any CPU
		{810C4BE1-5992-4E1A-8415-F500C560227D}.Release|Any CPU.Build.0 = Release|Any CPU
		{B8305CE3-A830-48D9-8BD6-D633BD5221E4}.Debug|Any CPU.ActiveCfg = Debug|Any CPU
		{B8305CE3-A830-48D9-8BD6-D633BD5221E4}.Debug|Any CPU.Build.0 = Debug|Any CPU
		{B8305CE3-A830-48D9-8BD6-D633BD5221E4}.Release|Any CPU.ActiveCfg = Release|Any CPU
		{B8305CE3-A830-48D9-8BD6-D633BD5221E4}.Release|Any CPU.Build.0 = Release|Any CPU
	EndGlobalSection
	GlobalSection(SolutionProperties) = preSolution
		HideSolutionNode = FALSE
	EndGlobalSection
EndGlobal
